
Microsoft Visual Studio Solution File, Format Version 12.00
# Visual Studio Version 16
VisualStudioVersion = 16.0.30626.31
MinimumVisualStudioVersion = 10.0.40219.1
Project("{00D1A9C2-B5F0-4AF3-8072-F6C62B433612}") = "EntryApp.SqlServer", "EntryApp.SqlServer\EntryApp.SqlServer.sqlproj", "{45C52D8A-BE96-497E-AA78-B72B167A2F81}"
EndProject
Project("{9A19103F-16F7-4668-BE54-9A1E7A4F7556}") = "EntryApp.Models", "EntryApp.Models\EntryApp.Models.csproj", "{75B0A5D7-25D6-4932-846D-556193AB3EC4}"
EndProject
Project("{9A19103F-16F7-4668-BE54-9A1E7A4F7556}") = "EntryApp.Models.Tests", "EntryApp.Models.Tests\EntryApp.Models.Tests.csproj", "{BB052258-67BD-4671-BD25-15FDEDBDB61A}"
EndProject
Project("{9A19103F-16F7-4668-BE54-9A1E7A4F7556}") = "EntryApp.Apis", "EntryApp.Apis\EntryApp.Apis.csproj", "{5CEE8387-4710-43CE-9B6E-2593FACE67EA}"
EndProject
Project("{9A19103F-16F7-4668-BE54-9A1E7A4F7556}") = "AspNetKorea", "AspNetKorea\AspNetKorea.csproj", "{876419BE-39DB-4F0D-8785-50858F3AE4BD}"
EndProject
Project("{2150E333-8FDC-42A3-9474-1A3956D46DE8}") = "Tests", "Tests", "{F884DD0F-2ADA-4A88-9F3D-DA2B237B0FF7}"
EndProject
Global
	GlobalSection(SolutionConfigurationPlatforms) = preSolution
		Debug|Any CPU = Debug|Any CPU
		Release|Any CPU = Release|Any CPU
	EndGlobalSection
	GlobalSection(ProjectConfigurationPlatforms) = postSolution
		{45C52D8A-BE96-497E-AA78-B72B167A2F81}.Debug|Any CPU.ActiveCfg = Debug|Any CPU
		{45C52D8A-BE96-497E-AA78-B72B167A2F81}.Debug|Any CPU.Build.0 = Debug|Any CPU
		{45C52D8A-BE96-497E-AA78-B72B167A2F81}.Debug|Any CPU.Deploy.0 = Debug|Any CPU
		{45C52D8A-BE96-497E-AA78-B72B167A2F81}.Release|Any CPU.ActiveCfg = Release|Any CPU
		{45C52D8A-BE96-497E-AA78-B72B167A2F81}.Release|Any CPU.Build.0 = Release|Any CPU
		{45C52D8A-BE96-497E-AA78-B72B167A2F81}.Release|Any CPU.Deploy.0 = Release|Any CPU
		{75B0A5D7-25D6-4932-846D-556193AB3EC4}.Debug|Any CPU.ActiveCfg = Debug|Any CPU
		{75B0A5D7-25D6-4932-846D-556193AB3EC4}.Debug|Any CPU.Build.0 = Debug|Any CPU
		{75B0A5D7-25D6-4932-846D-556193AB3EC4}.Release|Any CPU.ActiveCfg = Release|Any CPU
		{75B0A5D7-25D6-4932-846D-556193AB3EC4}.Release|Any CPU.Build.0 = Release|Any CPU
		{BB052258-67BD-4671-BD25-15FDEDBDB61A}.Debug|Any CPU.ActiveCfg = Debug|Any CPU
		{BB052258-67BD-4671-BD25-15FDEDBDB61A}.Debug|Any CPU.Build.0 = Debug|Any CPU
		{BB052258-67BD-4671-BD25-15FDEDBDB61A}.Release|Any CPU.ActiveCfg = Release|Any CPU
		{BB052258-67BD-4671-BD25-15FDEDBDB61A}.Release|Any CPU.Build.0 = Release|Any CPU
		{5CEE8387-4710-43CE-9B6E-2593FACE67EA}.Debug|Any CPU.ActiveCfg = Debug|Any CPU
		{5CEE8387-4710-43CE-9B6E-2593FACE67EA}.Debug|Any CPU.Build.0 = Debug|Any CPU
		{5CEE8387-4710-43CE-9B6E-2593FACE67EA}.Release|Any CPU.ActiveCfg = Release|Any CPU
		{5CEE8387-4710-43CE-9B6E-2593FACE67EA}.Release|Any CPU.Build.0 = Release|Any CPU
		{876419BE-39DB-4F0D-8785-50858F3AE4BD}.Debug|Any CPU.ActiveCfg = Debug|Any CPU
		{876419BE-39DB-4F0D-8785-50858F3AE4BD}.Debug|Any CPU.Build.0 = Debug|Any CPU
		{876419BE-39DB-4F0D-8785-50858F3AE4BD}.Release|Any CPU.ActiveCfg = Release|Any CPU
		{876419BE-39DB-4F0D-8785-50858F3AE4BD}.Release|Any CPU.Build.0 = Release|Any CPU
	EndGlobalSection
	GlobalSection(SolutionProperties) = preSolution
		HideSolutionNode = FALSE
	EndGlobalSection
	GlobalSection(NestedProjects) = preSolution
		{876419BE-39DB-4F0D-8785-50858F3AE4BD} = {F884DD0F-2ADA-4A88-9F3D-DA2B237B0FF7}
	EndGlobalSection
	GlobalSection(ExtensibilityGlobals) = postSolution
		SolutionGuid = {735FCC68-702A-40E4-9401-B4C0D14F8F09}
	EndGlobalSection
EndGlobal
